// !$*UTF8*$!
{
	archiveVersion = 1;
	classes = {
	};
	objectVersion = 46;
	objects = {

/* Begin PBXBuildFile section */
		163B95DE1DF844DD00F574FE /* AppDelegate.swift in Sources */ = {isa = PBXBuildFile; fileRef = 163B95DD1DF844DD00F574FE /* AppDelegate.swift */; };
		163B95E01DF844DD00F574FE /* ViewController.swift in Sources */ = {isa = PBXBuildFile; fileRef = 163B95DF1DF844DD00F574FE /* ViewController.swift */; };
		163B95E21DF844DD00F574FE /* Assets.xcassets in Resources */ = {isa = PBXBuildFile; fileRef = 163B95E11DF844DD00F574FE /* Assets.xcassets */; };
		163B95E51DF844DD00F574FE /* Main.storyboard in Resources */ = {isa = PBXBuildFile; fileRef = 163B95E31DF844DD00F574FE /* Main.storyboard */; };
		163B96091DF846E500F574FE /* MyEntity.swift in Sources */ = {isa = PBXBuildFile; fileRef = 163B96081DF846E500F574FE /* MyEntity.swift */; };
		1652FA801DF855A800E0A27C /* GridViewController.swift in Sources */ = {isa = PBXBuildFile; fileRef = 1652FA7F1DF855A800E0A27C /* GridViewController.swift */; };
		1652FA831DF855C600E0A27C /* FlowViewController.swift in Sources */ = {isa = PBXBuildFile; fileRef = 1652FA811DF855C600E0A27C /* FlowViewController.swift */; };
		1652FA8D1DF918A400E0A27C /* MyCollectionViewItem.swift in Sources */ = {isa = PBXBuildFile; fileRef = 1652FA8B1DF918A400E0A27C /* MyCollectionViewItem.swift */; };
		1652FA8E1DF918A400E0A27C /* MyCollectionViewItem.xib in Resources */ = {isa = PBXBuildFile; fileRef = 1652FA8C1DF918A400E0A27C /* MyCollectionViewItem.xib */; };
/* End PBXBuildFile section */

/* Begin PBXFileReference section */
		163B95DA1DF844DD00F574FE /* NSCollectionView-Swift.app */ = {isa = PBXFileReference; explicitFileType = wrapper.application; includeInIndex = 0; path = "NSCollectionView-Swift.app"; sourceTree = BUILT_PRODUCTS_DIR; };
		163B95DD1DF844DD00F574FE /* AppDelegate.swift */ = {isa = PBXFileReference; lastKnownFileType = sourcecode.swift; path = AppDelegate.swift; sourceTree = "<group>"; };
		163B95DF1DF844DD00F574FE /* ViewController.swift */ = {isa = PBXFileReference; lastKnownFileType = sourcecode.swift; path = ViewController.swift; sourceTree = "<group>"; };
		163B95E11DF844DD00F574FE /* Assets.xcassets */ = {isa = PBXFileReference; lastKnownFileType = folder.assetcatalog; path = Assets.xcassets; sourceTree = "<group>"; };
		163B95E41DF844DD00F574FE /* Base */ = {isa = PBXFileReference; lastKnownFileType = file.storyboard; name = Base; path = Base.lproj/Main.storyboard; sourceTree = "<group>"; };
		163B95E61DF844DD00F574FE /* Info.plist */ = {isa = PBXFileReference; lastKnownFileType = text.plist.xml; path = Info.plist; sourceTree = "<group>"; };
		163B96081DF846E500F574FE /* MyEntity.swift */ = {isa = PBXFileReference; fileEncoding = 4; lastKnownFileType = sourcecode.swift; path = MyEntity.swift; sourceTree = "<group>"; };
		1652FA7F1DF855A800E0A27C /* GridViewController.swift */ = {isa = PBXFileReference; fileEncoding = 4; lastKnownFileType = sourcecode.swift; path = GridViewController.swift; sourceTree = "<group>"; };
		1652FA811DF855C600E0A27C /* FlowViewController.swift */ = {isa = PBXFileReference; fileEncoding = 4; lastKnownFileType = sourcecode.swift; path = FlowViewController.swift; sourceTree = "<group>"; };
		1652FA8B1DF918A400E0A27C /* MyCollectionViewItem.swift */ = {isa = PBXFileReference; fileEncoding = 4; lastKnownFileType = sourcecode.swift; path = MyCollectionViewItem.swift; sourceTree = "<group>"; };
		1652FA8C1DF918A400E0A27C /* MyCollectionViewItem.xib */ = {isa = PBXFileReference; fileEncoding = 4; lastKnownFileType = file.xib; path = MyCollectionViewItem.xib; sourceTree = "<group>"; };
/* End PBXFileReference section */

/* Begin PBXFrameworksBuildPhase section */
		163B95D71DF844DD00F574FE /* Frameworks */ = {
			isa = PBXFrameworksBuildPhase;
			buildActionMask = 2147483647;
			files = (
			);
			runOnlyForDeploymentPostprocessing = 0;
		};
/* End PBXFrameworksBuildPhase section */

/* Begin PBXGroup section */
		163B95D11DF844DD00F574FE = {
			isa = PBXGroup;
			children = (
				163B95DC1DF844DD00F574FE /* NSCollectionView-Swift */,
				163B95DB1DF844DD00F574FE /* Products */,
			);
			sourceTree = "<group>";
		};
		163B95DB1DF844DD00F574FE /* Products */ = {
			isa = PBXGroup;
			children = (
				163B95DA1DF844DD00F574FE /* NSCollectionView-Swift.app */,
			);
			name = Products;
			sourceTree = "<group>";
		};
		163B95DC1DF844DD00F574FE /* NSCollectionView-Swift */ = {
			isa = PBXGroup;
			children = (
				163B95DD1DF844DD00F574FE /* AppDelegate.swift */,
				163B95DF1DF844DD00F574FE /* ViewController.swift */,
				1652FA7F1DF855A800E0A27C /* GridViewController.swift */,
				1652FA811DF855C600E0A27C /* FlowViewController.swift */,
				163B95E11DF844DD00F574FE /* Assets.xcassets */,
				163B95E31DF844DD00F574FE /* Main.storyboard */,
				163B95E61DF844DD00F574FE /* Info.plist */,
				163B96081DF846E500F574FE /* MyEntity.swift */,
				1652FA8B1DF918A400E0A27C /* MyCollectionViewItem.swift */,
				1652FA8C1DF918A400E0A27C /* MyCollectionViewItem.xib */,
			);
			path = "NSCollectionView-Swift";
			sourceTree = "<group>";
		};
/* End PBXGroup section */

/* Begin PBXNativeTarget section */
		163B95D91DF844DD00F574FE /* NSCollectionView-Swift */ = {
			isa = PBXNativeTarget;
			buildConfigurationList = 163B95FF1DF844DD00F574FE /* Build configuration list for PBXNativeTarget "NSCollectionView-Swift" */;
			buildPhases = (
				163B95D61DF844DD00F574FE /* Sources */,
				163B95D71DF844DD00F574FE /* Frameworks */,
				163B95D81DF844DD00F574FE /* Resources */,
			);
			buildRules = (
			);
			dependencies = (
			);
			name = "NSCollectionView-Swift";
			productName = "NSCollectionView-Swift";
			productReference = 163B95DA1DF844DD00F574FE /* NSCollectionView-Swift.app */;
			productType = "com.apple.product-type.application";
		};
/* End PBXNativeTarget section */

/* Begin PBXProject section */
		163B95D21DF844DD00F574FE /* Project object */ = {
			isa = PBXProject;
			attributes = {
				LastSwiftUpdateCheck = 0810;
				LastUpgradeCheck = 0810;
				ORGANIZATIONNAME = Pocosoft;
				TargetAttributes = {
					163B95D91DF844DD00F574FE = {
						CreatedOnToolsVersion = 8.1;
						ProvisioningStyle = Automatic;
					};
				};
			};
			buildConfigurationList = 163B95D51DF844DD00F574FE /* Build configuration list for PBXProject "NSCollectionView-Swift" */;
			compatibilityVersion = "Xcode 3.2";
			developmentRegion = English;
			hasScannedForEncodings = 0;
			knownRegions = (
				en,
				Base,
			);
			mainGroup = 163B95D11DF844DD00F574FE;
			productRefGroup = 163B95DB1DF844DD00F574FE /* Products */;
			projectDirPath = "";
			projectRoot = "";
			targets = (
				163B95D91DF844DD00F574FE /* NSCollectionView-Swift */,
			);
		};
/* End PBXProject section */

/* Begin PBXResourcesBuildPhase section */
		163B95D81DF844DD00F574FE /* Resources */ = {
			isa = PBXResourcesBuildPhase;
			buildActionMask = 2147483647;
			files = (
				1652FA8E1DF918A400E0A27C /* MyCollectionViewItem.xib in Resources */,
				163B95E21DF844DD00F574FE /* Assets.xcassets in Resources */,
				163B95E51DF844DD00F574FE /* Main.storyboard in Resources */,
			);
			runOnlyForDeploymentPostprocessing = 0;
		};
/* End PBXResourcesBuildPhase section */

/* Begin PBXSourcesBuildPhase section */
		163B95D61DF844DD00F574FE /* Sources */ = {
			isa = PBXSourcesBuildPhase;
			buildActionMask = 2147483647;
			files = (
				1652FA801DF855A800E0A27C /* GridViewController.swift in Sources */,
				163B95E01DF844DD00F574FE /* ViewController.swift in Sources */,
				1652FA831DF855C600E0A27C /* FlowViewController.swift in Sources */,
				1652FA8D1DF918A400E0A27C /* MyCollectionViewItem.swift in Sources */,
				163B96091DF846E500F574FE /* MyEntity.swift in Sources */,
				163B95DE1DF844DD00F574FE /* AppDelegate.swift in Sources */,
			);
			runOnlyForDeploymentPostprocessing = 0;
		};
/* End PBXSourcesBuildPhase section */

/* Begin PBXVariantGroup section */
		163B95E31DF844DD00F574FE /* Main.storyboard */ = {
			isa = PBXVariantGroup;
			children = (
				163B95E41DF844DD00F574FE /* Base */,
			);
			name = Main.storyboard;
			sourceTree = "<group>";
		};
/* End PBXVariantGroup section */

/* Begin XCBuildConfiguration section */
		163B95FD1DF844DD00F574FE /* Debug */ = {
			isa = XCBuildConfiguration;
			buildSettings = {
				ALWAYS_SEARCH_USER_PATHS = NO;
				CLANG_ANALYZER_NONNULL = YES;
				CLANG_CXX_LANGUAGE_STANDARD = "gnu++0x";
				CLANG_CXX_LIBRARY = "libc++";
				CLANG_ENABLE_MODULES = YES;
				CLANG_ENABLE_OBJC_ARC = YES;
				CLANG_WARN_BOOL_CONVERSION = YES;
				CLANG_WARN_CONSTANT_CONVERSION = YES;
				CLANG_WARN_DIRECT_OBJC_ISA_USAGE = YES_ERROR;
				CLANG_WARN_DOCUMENTATION_COMMENTS = YES;
				CLANG_WARN_EMPTY_BODY = YES;
				CLANG_WARN_ENUM_CONVERSION = YES;
				CLANG_WARN_INFINITE_RECURSION = YES;
				CLANG_WARN_INT_CONVERSION = YES;
				CLANG_WARN_OBJC_ROOT_CLASS = YES_ERROR;
				CLANG_WARN_SUSPICIOUS_MOVES = YES;
				CLANG_WARN_UNREACHABLE_CODE = YES;
				CLANG_WARN__DUPLICATE_METHOD_MATCH = YES;
				CODE_SIGN_IDENTITY = "-";
				COPY_PHASE_STRIP = NO;
				DEBUG_INFORMATION_FORMAT = dwarf;
				ENABLE_STRICT_OBJC_MSGSEND = YES;
				ENABLE_TESTABILITY = YES;
				GCC_C_LANGUAGE_STANDARD = gnu99;
				GCC_DYNAMIC_NO_PIC = NO;
				GCC_NO_COMMON_BLOCKS = YES;
				GCC_OPTIMIZATION_LEVEL = 0;
				GCC_PREPROCESSOR_DEFINITIONS = (
					"DEBUG=1",
					"$(inherited)",
				);
				GCC_WARN_64_TO_32_BIT_CONVERSION = YES;
				GCC_WARN_ABOUT_RETURN_TYPE = YES_ERROR;
				GCC_WARN_UNDECLARED_SELECTOR = YES;
				GCC_WARN_UNINITIALIZED_AUTOS = YES_AGGRESSIVE;
				GCC_WARN_UNUSED_FUNCTION = YES;
				GCC_WARN_UNUSED_VARIABLE = YES;
				MACOSX_DEPLOYMENT_TARGET = 10.12;
				MTL_ENABLE_DEBUG_INFO = YES;
				ONLY_ACTIVE_ARCH = YES;
				SDKROOT = macosx;
				SWIFT_ACTIVE_COMPILATION_CONDITIONS = DEBUG;
				SWIFT_OPTIMIZATION_LEVEL = "-Onone";
			};
			name = Debug;
		};
		163B95FE1DF844DD00F574FE /* Release */ = {
			isa = XCBuildConfiguration;
			buildSettings = {
				ALWAYS_SEARCH_USER_PATHS = NO;
				CLANG_ANALYZER_NONNULL = YES;
				CLANG_CXX_LANGUAGE_STANDARD = "gnu++0x";
				CLANG_CXX_LIBRARY = "libc++";
				CLANG_ENABLE_MODULES = YES;
				CLANG_ENABLE_OBJC_ARC = YES;
				CLANG_WARN_BOOL_CONVERSION = YES;
				CLANG_WARN_CONSTANT_CONVERSION = YES;
				CLANG_WARN_DIRECT_OBJC_ISA_USAGE = YES_ERROR;
				CLANG_WARN_DOCUMENTATION_COMMENTS = YES;
				CLANG_WARN_EMPTY_BODY = YES;
				CLANG_WARN_ENUM_CONVERSION = YES;
				CLANG_WARN_INFINITE_RECURSION = YES;
				CLANG_WARN_INT_CONVERSION = YES;
				CLANG_WARN_OBJC_ROOT_CLASS = YES_ERROR;
				CLANG_WARN_SUSPICIOUS_MOVES = YES;
				CLANG_WARN_UNREACHABLE_CODE = YES;
				CLANG_WARN__DUPLICATE_METHOD_MATCH = YES;
				CODE_SIGN_IDENTITY = "-";
				COPY_PHASE_STRIP = NO;
				DEBUG_INFORMATION_FORMAT = "dwarf-with-dsym";
				ENABLE_NS_ASSERTIONS = NO;
				ENABLE_STRICT_OBJC_MSGSEND = YES;
				GCC_C_LANGUAGE_STANDARD = gnu99;
				GCC_NO_COMMON_BLOCKS = YES;
				GCC_WARN_64_TO_32_BIT_CONVERSION = YES;
				GCC_WARN_ABOUT_RETURN_TYPE = YES_ERROR;
				GCC_WARN_UNDECLARED_SELECTOR = YES;
				GCC_WARN_UNINITIALIZED_AUTOS = YES_AGGRESSIVE;
				GCC_WARN_UNUSED_FUNCTION = YES;
				GCC_WARN_UNUSED_VARIABLE = YES;
				MACOSX_DEPLOYMENT_TARGET = 10.12;
				MTL_ENABLE_DEBUG_INFO = NO;
				SDKROOT = macosx;
				SWIFT_OPTIMIZATION_LEVEL = "-Owholemodule";
			};
			name = Release;
		};
		163B96001DF844DD00F574FE /* Debug */ = {
			isa = XCBuildConfiguration;
			buildSettings = {
				ASSETCATALOG_COMPILER_APPICON_NAME = AppIcon;
				COMBINE_HIDPI_IMAGES = YES;
				INFOPLIST_FILE = "NSCollectionView-Swift/Info.plist";
				LD_RUNPATH_SEARCH_PATHS = "$(inherited) @executable_path/../Frameworks";
				PRODUCT_BUNDLE_IDENTIFIER = "jp.pocosoft.NSCollectionView-Swift";
				PRODUCT_NAME = "$(TARGET_NAME)";
				SWIFT_VERSION = 3.0;
			};
			name = Debug;
		};
		163B96011DF844DD00F574FE /* Release */ = {
			isa = XCBuildConfiguration;
			buildSettings = {
				ASSETCATALOG_COMPILER_APPICON_NAME = AppIcon;
				COMBINE_HIDPI_IMAGES = YES;
				INFOPLIST_FILE = "NSCollectionView-Swift/Info.plist";
				LD_RUNPATH_SEARCH_PATHS = "$(inherited) @executable_path/../Frameworks";
				PRODUCT_BUNDLE_IDENTIFIER = "jp.pocosoft.NSCollectionView-Swift";
				PRODUCT_NAME = "$(TARGET_NAME)";
				SWIFT_VERSION = 3.0;
			};
			name = Release;
		};
/* End XCBuildConfiguration section */

/* Begin XCConfigurationList section */
		163B95D51DF844DD00F574FE /* Build configuration list for PBXProject "NSCollectionView-Swift" */ = {
			isa = XCConfigurationList;
			buildConfigurations = (
				163B95FD1DF844DD00F574FE /* Debug */,
				163B95FE1DF844DD00F574FE /* Release */,
			);
			defaultConfigurationIsVisible = 0;
			defaultConfigurationName = Release;
		};
		163B95FF1DF844DD00F574FE /* Build configuration list for PBXNativeTarget "NSCollectionView-Swift" */ = {
			isa = XCConfigurationList;
			buildConfigurations = (
				163B96001DF844DD00F574FE /* Debug */,
				163B96011DF844DD00F574FE /* Release */,
			);
			defaultConfigurationIsVisible = 0;
			defaultConfigurationName = Release;
		};
/* End XCConfigurationList section */
	};
	rootObject = 163B95D21DF844DD00F574FE /* Project object */;
}
